
Microsoft Visual Studio Solution File, Format Version 12.00
# Visual Studio 15
VisualStudioVersion = 15.0.26020.0
MinimumVisualStudioVersion = 10.0.40219.1
Project("{FAE04EC0-301F-11D3-BF4B-00C04F79EFBC}") = "TestHarness", "TestHarness\TestHarness.csproj", "{4E222309-ECA7-4504-BB1D-24E0C683B597}"
EndProject
Project("{FAE04EC0-301F-11D3-BF4B-00C04F79EFBC}") = "TwitchService", "TwitchService\TwitchService.csproj", "{33328FC9-6A8F-48E3-A7AE-CA67607B0250}"
EndProject
Project("{2150E333-8FDC-42A3-9474-1A3956D46DE8}") = "Tests", "Tests", "{3132C308-4247-4368-AA7A-B6282E04BA60}"
EndProject
Project("{FAE04EC0-301F-11D3-BF4B-00C04F79EFBC}") = "UnitTests", "UnitTests\UnitTests.csproj", "{39766AB2-7871-4BAF-9249-6383B9538BF9}"
EndProject
Project("{FAE04EC0-301F-11D3-BF4B-00C04F79EFBC}") = "Core", "Core\Core.csproj", "{F9D37391-A138-4E9A-8156-14110D24B816}"
EndProject
Global
	GlobalSection(SolutionConfigurationPlatforms) = preSolution
		Debug|Any CPU = Debug|Any CPU
		Release|Any CPU = Release|Any CPU
	EndGlobalSection
	GlobalSection(ProjectConfigurationPlatforms) = postSolution
		{4E222309-ECA7-4504-BB1D-24E0C683B597}.Debug|Any CPU.ActiveCfg = Debug|Any CPU
		{4E222309-ECA7-4504-BB1D-24E0C683B597}.Debug|Any CPU.Build.0 = Debug|Any CPU
		{4E222309-ECA7-4504-BB1D-24E0C683B597}.Release|Any CPU.ActiveCfg = Release|Any CPU
		{4E222309-ECA7-4504-BB1D-24E0C683B597}.Release|Any CPU.Build.0 = Release|Any CPU
		{33328FC9-6A8F-48E3-A7AE-CA67607B0250}.Debug|Any CPU.ActiveCfg = Debug|Any CPU
		{33328FC9-6A8F-48E3-A7AE-CA67607B0250}.Debug|Any CPU.Build.0 = Debug|Any CPU
		{33328FC9-6A8F-48E3-A7AE-CA67607B0250}.Release|Any CPU.ActiveCfg = Release|Any CPU
		{33328FC9-6A8F-48E3-A7AE-CA67607B0250}.Release|Any CPU.Build.0 = Release|Any CPU
		{39766AB2-7871-4BAF-9249-6383B9538BF9}.Debug|Any CPU.ActiveCfg = Debug|Any CPU
		{39766AB2-7871-4BAF-9249-6383B9538BF9}.Debug|Any CPU.Build.0 = Debug|Any CPU
		{39766AB2-7871-4BAF-9249-6383B9538BF9}.Release|Any CPU.ActiveCfg = Release|Any CPU
		{39766AB2-7871-4BAF-9249-6383B9538BF9}.Release|Any CPU.Build.0 = Release|Any CPU
		{F9D37391-A138-4E9A-8156-14110D24B816}.Debug|Any CPU.ActiveCfg = Debug|Any CPU
		{F9D37391-A138-4E9A-8156-14110D24B816}.Debug|Any CPU.Build.0 = Debug|Any CPU
		{F9D37391-A138-4E9A-8156-14110D24B816}.Release|Any CPU.ActiveCfg = Release|Any CPU
		{F9D37391-A138-4E9A-8156-14110D24B816}.Release|Any CPU.Build.0 = Release|Any CPU
	EndGlobalSection
	GlobalSection(SolutionProperties) = preSolution
		HideSolutionNode = FALSE
	EndGlobalSection
	GlobalSection(NestedProjects) = preSolution
		{39766AB2-7871-4BAF-9249-6383B9538BF9} = {3132C308-4247-4368-AA7A-B6282E04BA60}
	EndGlobalSection
	GlobalSection(ExtensibilityGlobals) = postSolution
		SolutionGuid = {10928FAE-2C9C-4DD2-832D-9F3931E82D01}
	EndGlobalSection
EndGlobal
